
Microsoft Visual Studio Solution File, Format Version 12.00
# Visual Studio Version 16
VisualStudioVersion = 16.0.30011.22
MinimumVisualStudioVersion = 10.0.40219.1
Project("{FAE04EC0-301F-11D3-BF4B-00C04F79EFBC}") = "RegexpLexer", "RegexpLexer\RegexpLexer.csproj", "{BB3780C2-FF77-4945-BD9B-ADA809965642}"
EndProject
Project("{9A19103F-16F7-4668-BE54-9A1E7A4F7556}") = "RegexpLexer.Tests", "RegexpLexer.Tests\RegexpLexer.Tests.csproj", "{26C8A8AB-AD58-4EC4-8D32-EFDD698C2290}"
EndProject
Project("{FAE04EC0-301F-11D3-BF4B-00C04F79EFBC}") = "GrammarTransformations", "GrammarTransformations\GrammarTransformations.csproj", "{6B8C1E26-3EB7-4F85-9A80-4EA564EA44F6}"
EndProject
Project("{FAE04EC0-301F-11D3-BF4B-00C04F79EFBC}") = "SyntaxAnalysis", "SyntaxAnalysis\SyntaxAnalysis.csproj", "{6F297C57-CEEE-4F90-9214-E3D22940EB22}"
EndProject
Project("{FAE04EC0-301F-11D3-BF4B-00C04F79EFBC}") = "OperatorPrecedenceParser", "OperatorPrecedenceParser\OperatorPrecedenceParser.csproj", "{4948F2D9-EB56-42F6-9B17-04518EAA9A7C}"
EndProject
Global
	GlobalSection(SolutionConfigurationPlatforms) = preSolution
		Debug|Any CPU = Debug|Any CPU
		Release|Any CPU = Release|Any CPU
	EndGlobalSection
	GlobalSection(ProjectConfigurationPlatforms) = postSolution
		{BB3780C2-FF77-4945-BD9B-ADA809965642}.Debug|Any CPU.ActiveCfg = Debug|Any CPU
		{BB3780C2-FF77-4945-BD9B-ADA809965642}.Debug|Any CPU.Build.0 = Debug|Any CPU
		{BB3780C2-FF77-4945-BD9B-ADA809965642}.Release|Any CPU.ActiveCfg = Release|Any CPU
		{BB3780C2-FF77-4945-BD9B-ADA809965642}.Release|Any CPU.Build.0 = Release|Any CPU
		{26C8A8AB-AD58-4EC4-8D32-EFDD698C2290}.Debug|Any CPU.ActiveCfg = Debug|Any CPU
		{26C8A8AB-AD58-4EC4-8D32-EFDD698C2290}.Debug|Any CPU.Build.0 = Debug|Any CPU
		{26C8A8AB-AD58-4EC4-8D32-EFDD698C2290}.Release|Any CPU.ActiveCfg = Release|Any CPU
		{26C8A8AB-AD58-4EC4-8D32-EFDD698C2290}.Release|Any CPU.Build.0 = Release|Any CPU
		{6B8C1E26-3EB7-4F85-9A80-4EA564EA44F6}.Debug|Any CPU.ActiveCfg = Debug|Any CPU
		{6B8C1E26-3EB7-4F85-9A80-4EA564EA44F6}.Debug|Any CPU.Build.0 = Debug|Any CPU
		{6B8C1E26-3EB7-4F85-9A80-4EA564EA44F6}.Release|Any CPU.ActiveCfg = Release|Any CPU
		{6B8C1E26-3EB7-4F85-9A80-4EA564EA44F6}.Release|Any CPU.Build.0 = Release|Any CPU
		{6F297C57-CEEE-4F90-9214-E3D22940EB22}.Debug|Any CPU.ActiveCfg = Debug|Any CPU
		{6F297C57-CEEE-4F90-9214-E3D22940EB22}.Debug|Any CPU.Build.0 = Debug|Any CPU
		{6F297C57-CEEE-4F90-9214-E3D22940EB22}.Release|Any CPU.ActiveCfg = Release|Any CPU
		{6F297C57-CEEE-4F90-9214-E3D22940EB22}.Release|Any CPU.Build.0 = Release|Any CPU
		{4948F2D9-EB56-42F6-9B17-04518EAA9A7C}.Debug|Any CPU.ActiveCfg = Debug|Any CPU
		{4948F2D9-EB56-42F6-9B17-04518EAA9A7C}.Debug|Any CPU.Build.0 = Debug|Any CPU
		{4948F2D9-EB56-42F6-9B17-04518EAA9A7C}.Release|Any CPU.ActiveCfg = Release|Any CPU
		{4948F2D9-EB56-42F6-9B17-04518EAA9A7C}.Release|Any CPU.Build.0 = Release|Any CPU
	EndGlobalSection
	GlobalSection(SolutionProperties) = preSolution
		HideSolutionNode = FALSE
	EndGlobalSection
	GlobalSection(ExtensibilityGlobals) = postSolution
		SolutionGuid = {934A7122-8081-426C-BBA4-63FBF47AF57F}
	EndGlobalSection
EndGlobal
